PODS:
  - Alamofire (4.4.0)
  - OpenWeatherSwift (1.0.1):
    - Alamofire
    - SwiftyJSON
  - SwiftyJSON (3.1.4)

DEPENDENCIES:
  - Alamofire (~> 4.4)
  - OpenWeatherSwift
  - SwiftyJSON

SPEC CHECKSUMS:
  Alamofire: dc44b1600b800eb63da6a19039a0083d62a6a62d
  OpenWeatherSwift: 2bce687b07f7f663b30c1947176346508c5963a7
  SwiftyJSON: c2842d878f95482ffceec5709abc3d05680c0220

PODFILE CHECKSUM: c7724dddf8bc034f594288fd471636e4a738140d

COCOAPODS: 1.2.1
