// !$*UTF8*$!
{
	archiveVersion = 1;
	classes = {
	};
	objectVersion = 46;
	objects = {

/* Begin PBXBuildFile section */
		A10BFE711EEC6C090028FB1A /* Set_Location.swift in Sources */ = {isa = PBXBuildFile; fileRef = A10BFE701EEC6C090028FB1A /* Set_Location.swift */; };
		A10BFE731EEC97A80028FB1A /* WeatherTableViewCell.swift in Sources */ = {isa = PBXBuildFile; fileRef = A10BFE721EEC97A80028FB1A /* WeatherTableViewCell.swift */; };
		A10BFE7A1EECDEC30028FB1A /* country.png in Resources */ = {isa = PBXBuildFile; fileRef = A10BFE791EECDEC30028FB1A /* country.png */; };
		A10BFE7C1EED25110028FB1A /* ViewController_C_W.swift in Sources */ = {isa = PBXBuildFile; fileRef = A10BFE7B1EED25110028FB1A /* ViewController_C_W.swift */; };
		A10BFE7E1EED38C60028FB1A /* AirQualityData.swift in Sources */ = {isa = PBXBuildFile; fileRef = A10BFE7D1EED38C60028FB1A /* AirQualityData.swift */; };
		A10BFE801EED438E0028FB1A /* AirQualityPM25.swift in Sources */ = {isa = PBXBuildFile; fileRef = A10BFE7F1EED438E0028FB1A /* AirQualityPM25.swift */; };
		A10BFE821EED49D70028FB1A /* ViewController_Dust.swift in Sources */ = {isa = PBXBuildFile; fileRef = A10BFE811EED49D70028FB1A /* ViewController_Dust.swift */; };
		A10BFE891EED66830028FB1A /* AQI_1.PNG in Resources */ = {isa = PBXBuildFile; fileRef = A10BFE831EED66830028FB1A /* AQI_1.PNG */; };
		A10BFE8A1EED66830028FB1A /* AQI_2.PNG in Resources */ = {isa = PBXBuildFile; fileRef = A10BFE841EED66830028FB1A /* AQI_2.PNG */; };
		A10BFE8B1EED66830028FB1A /* AQI_3.PNG in Resources */ = {isa = PBXBuildFile; fileRef = A10BFE851EED66830028FB1A /* AQI_3.PNG */; };
		A10BFE8C1EED66830028FB1A /* AQI_4.PNG in Resources */ = {isa = PBXBuildFile; fileRef = A10BFE861EED66830028FB1A /* AQI_4.PNG */; };
		A10BFE8D1EED66830028FB1A /* AQI_5.PNG in Resources */ = {isa = PBXBuildFile; fileRef = A10BFE871EED66830028FB1A /* AQI_5.PNG */; };
		A10BFE8E1EED66830028FB1A /* AQI_6.PNG in Resources */ = {isa = PBXBuildFile; fileRef = A10BFE881EED66830028FB1A /* AQI_6.PNG */; };
		A10BFE9B1EED6EA60028FB1A /* setting.png in Resources */ = {isa = PBXBuildFile; fileRef = A10BFE971EED6EA60028FB1A /* setting.png */; };
		A10BFE9C1EED6EA60028FB1A /* weather.png in Resources */ = {isa = PBXBuildFile; fileRef = A10BFE981EED6EA60028FB1A /* weather.png */; };
		A10BFE9D1EED6EA60028FB1A /* home.png in Resources */ = {isa = PBXBuildFile; fileRef = A10BFE991EED6EA60028FB1A /* home.png */; };
		A10BFEA01EED71920028FB1A /* dust.png in Resources */ = {isa = PBXBuildFile; fileRef = A10BFE9F1EED71920028FB1A /* dust.png */; };
		A17F89451EE502CF00D095E0 /* AppDelegate.swift in Sources */ = {isa = PBXBuildFile; fileRef = A17F89441EE502CF00D095E0 /* AppDelegate.swift */; };
		A17F89471EE502CF00D095E0 /* ViewController.swift in Sources */ = {isa = PBXBuildFile; fileRef = A17F89461EE502CF00D095E0 /* ViewController.swift */; };
		A17F894A1EE502CF00D095E0 /* Main.storyboard in Resources */ = {isa = PBXBuildFile; fileRef = A17F89481EE502CF00D095E0 /* Main.storyboard */; };
		A17F894C1EE502CF00D095E0 /* Assets.xcassets in Resources */ = {isa = PBXBuildFile; fileRef = A17F894B1EE502CF00D095E0 /* Assets.xcassets */; };
		A17F894F1EE502CF00D095E0 /* LaunchScreen.storyboard in Resources */ = {isa = PBXBuildFile; fileRef = A17F894D1EE502CF00D095E0 /* LaunchScreen.storyboard */; };
		A18FC3391EE70E7F0060B01B /* ViewController_DTile.swift in Sources */ = {isa = PBXBuildFile; fileRef = A18FC3381EE70E7F0060B01B /* ViewController_DTile.swift */; };
		A1E871C21EE6DE8B0099E07C /* ViewController_TT_W.swift in Sources */ = {isa = PBXBuildFile; fileRef = A1E871C11EE6DE8B0099E07C /* ViewController_TT_W.swift */; };
		A1E871C41EE6EFBA0099E07C /* SwiftyJSON.swift in Sources */ = {isa = PBXBuildFile; fileRef = A1E871C31EE6EFBA0099E07C /* SwiftyJSON.swift */; };
		A86EF95CB63F33727B467622 /* Pods_Weather.framework in Frameworks */ = {isa = PBXBuildFile; fileRef = 0F480AE94A844166329974D0 /* Pods_Weather.framework */; };
/* End PBXBuildFile section */

/* Begin PBXFileReference section */
		0F480AE94A844166329974D0 /* Pods_Weather.framework */ = {isa = PBXFileReference; explicitFileType = wrapper.framework; includeInIndex = 0; path = Pods_Weather.framework; sourceTree = BUILT_PRODUCTS_DIR; };
		389126FC0C92243C4758F954 /* Pods-Weather.debug.xcconfig */ = {isa = PBXFileReference; includeInIndex = 1; lastKnownFileType = text.xcconfig; name = "Pods-Weather.debug.xcconfig"; path = "Pods/Target Support Files/Pods-Weather/Pods-Weather.debug.xcconfig"; sourceTree = "<group>"; };
		56FECA2C154A07EC797F03A6 /* Pods-Weather.release.xcconfig */ = {isa = PBXFileReference; includeInIndex = 1; lastKnownFileType = text.xcconfig; name = "Pods-Weather.release.xcconfig"; path = "Pods/Target Support Files/Pods-Weather/Pods-Weather.release.xcconfig"; sourceTree = "<group>"; };
		A10BFE701EEC6C090028FB1A /* Set_Location.swift */ = {isa = PBXFileReference; fileEncoding = 4; lastKnownFileType = sourcecode.swift; path = Set_Location.swift; sourceTree = "<group>"; };
		A10BFE721EEC97A80028FB1A /* WeatherTableViewCell.swift */ = {isa = PBXFileReference; fileEncoding = 4; lastKnownFileType = sourcecode.swift; path = WeatherTableViewCell.swift; sourceTree = "<group>"; };
		A10BFE791EECDEC30028FB1A /* country.png */ = {isa = PBXFileReference; lastKnownFileType = image.png; path = country.png; sourceTree = "<group>"; };
		A10BFE7B1EED25110028FB1A /* ViewController_C_W.swift */ = {isa = PBXFileReference; fileEncoding = 4; lastKnownFileType = sourcecode.swift; path = ViewController_C_W.swift; sourceTree = "<group>"; };
		A10BFE7D1EED38C60028FB1A /* AirQualityData.swift */ = {isa = PBXFileReference; fileEncoding = 4; lastKnownFileType = sourcecode.swift; path = AirQualityData.swift; sourceTree = "<group>"; };
		A10BFE7F1EED438E0028FB1A /* AirQualityPM25.swift */ = {isa = PBXFileReference; fileEncoding = 4; lastKnownFileType = sourcecode.swift; path = AirQualityPM25.swift; sourceTree = "<group>"; };
		A10BFE811EED49D70028FB1A /* ViewController_Dust.swift */ = {isa = PBXFileReference; fileEncoding = 4; lastKnownFileType = sourcecode.swift; path = ViewController_Dust.swift; sourceTree = "<group>"; };
		A10BFE831EED66830028FB1A /* AQI_1.PNG */ = {isa = PBXFileReference; lastKnownFileType = image.png; path = AQI_1.PNG; sourceTree = "<group>"; };
		A10BFE841EED66830028FB1A /* AQI_2.PNG */ = {isa = PBXFileReference; lastKnownFileType = image.png; path = AQI_2.PNG; sourceTree = "<group>"; };
		A10BFE851EED66830028FB1A /* AQI_3.PNG */ = {isa = PBXFileReference; lastKnownFileType = image.png; path = AQI_3.PNG; sourceTree = "<group>"; };
		A10BFE861EED66830028FB1A /* AQI_4.PNG */ = {isa = PBXFileReference; lastKnownFileType = image.png; path = AQI_4.PNG; sourceTree = "<group>"; };
		A10BFE871EED66830028FB1A /* AQI_5.PNG */ = {isa = PBXFileReference; lastKnownFileType = image.png; path = AQI_5.PNG; sourceTree = "<group>"; };
		A10BFE881EED66830028FB1A /* AQI_6.PNG */ = {isa = PBXFileReference; lastKnownFileType = image.png; path = AQI_6.PNG; sourceTree = "<group>"; };
		A10BFE971EED6EA60028FB1A /* setting.png */ = {isa = PBXFileReference; lastKnownFileType = image.png; path = setting.png; sourceTree = "<group>"; };
		A10BFE981EED6EA60028FB1A /* weather.png */ = {isa = PBXFileReference; lastKnownFileType = image.png; path = weather.png; sourceTree = "<group>"; };
		A10BFE991EED6EA60028FB1A /* home.png */ = {isa = PBXFileReference; lastKnownFileType = image.png; path = home.png; sourceTree = "<group>"; };
		A10BFE9F1EED71920028FB1A /* dust.png */ = {isa = PBXFileReference; lastKnownFileType = image.png; path = dust.png; sourceTree = "<group>"; };
		A17F89411EE502CF00D095E0 /* Weather.app */ = {isa = PBXFileReference; explicitFileType = wrapper.application; includeInIndex = 0; path = Weather.app; sourceTree = BUILT_PRODUCTS_DIR; };
		A17F89441EE502CF00D095E0 /* AppDelegate.swift */ = {isa = PBXFileReference; lastKnownFileType = sourcecode.swift; path = AppDelegate.swift; sourceTree = "<group>"; };
		A17F89461EE502CF00D095E0 /* ViewController.swift */ = {isa = PBXFileReference; lastKnownFileType = sourcecode.swift; path = ViewController.swift; sourceTree = "<group>"; };
		A17F89491EE502CF00D095E0 /* Base */ = {isa = PBXFileReference; lastKnownFileType = file.storyboard; name = Base; path = Base.lproj/Main.storyboard; sourceTree = "<group>"; };
		A17F894B1EE502CF00D095E0 /* Assets.xcassets */ = {isa = PBXFileReference; lastKnownFileType = folder.assetcatalog; path = Assets.xcassets; sourceTree = "<group>"; };
		A17F894E1EE502CF00D095E0 /* Base */ = {isa = PBXFileReference; lastKnownFileType = file.storyboard; name = Base; path = Base.lproj/LaunchScreen.storyboard; sourceTree = "<group>"; };
		A17F89501EE502CF00D095E0 /* Info.plist */ = {isa = PBXFileReference; lastKnownFileType = text.plist.xml; path = Info.plist; sourceTree = "<group>"; };
		A18FC3381EE70E7F0060B01B /* ViewController_DTile.swift */ = {isa = PBXFileReference; fileEncoding = 4; lastKnownFileType = sourcecode.swift; path = ViewController_DTile.swift; sourceTree = "<group>"; };
		A1E871C11EE6DE8B0099E07C /* ViewController_TT_W.swift */ = {isa = PBXFileReference; fileEncoding = 4; lastKnownFileType = sourcecode.swift; path = ViewController_TT_W.swift; sourceTree = "<group>"; };
		A1E871C31EE6EFBA0099E07C /* SwiftyJSON.swift */ = {isa = PBXFileReference; fileEncoding = 4; lastKnownFileType = sourcecode.swift; path = SwiftyJSON.swift; sourceTree = "<group>"; };
/* End PBXFileReference section */

/* Begin PBXFrameworksBuildPhase section */
		A17F893E1EE502CF00D095E0 /* Frameworks */ = {
			isa = PBXFrameworksBuildPhase;
			buildActionMask = 2147483647;
			files = (
				A86EF95CB63F33727B467622 /* Pods_Weather.framework in Frameworks */,
			);
			runOnlyForDeploymentPostprocessing = 0;
		};
/* End PBXFrameworksBuildPhase section */

/* Begin PBXGroup section */
		3B82CF951AD6E3530070EDC5 /* Pods */ = {
			isa = PBXGroup;
			children = (
				389126FC0C92243C4758F954 /* Pods-Weather.debug.xcconfig */,
				56FECA2C154A07EC797F03A6 /* Pods-Weather.release.xcconfig */,
			);
			name = Pods;
			sourceTree = "<group>";
		};
		A10BFE741EECA8520028FB1A /* resource */ = {
			isa = PBXGroup;
			children = (
				A10BFE831EED66830028FB1A /* AQI_1.PNG */,
				A10BFE841EED66830028FB1A /* AQI_2.PNG */,
				A10BFE851EED66830028FB1A /* AQI_3.PNG */,
				A10BFE861EED66830028FB1A /* AQI_4.PNG */,
				A10BFE871EED66830028FB1A /* AQI_5.PNG */,
				A10BFE881EED66830028FB1A /* AQI_6.PNG */,
				A10BFE971EED6EA60028FB1A /* setting.png */,
				A10BFE981EED6EA60028FB1A /* weather.png */,
				A10BFE991EED6EA60028FB1A /* home.png */,
				A10BFE9F1EED71920028FB1A /* dust.png */,
				A10BFE791EECDEC30028FB1A /* country.png */,
			);
			name = resource;
			sourceTree = "<group>";
		};
		A17F89381EE502CF00D095E0 = {
			isa = PBXGroup;
			children = (
				A17F89431EE502CF00D095E0 /* Weather */,
				A17F89421EE502CF00D095E0 /* Products */,
				3B82CF951AD6E3530070EDC5 /* Pods */,
				B45888C55699C4C28F47A2EB /* Frameworks */,
			);
			sourceTree = "<group>";
		};
		A17F89421EE502CF00D095E0 /* Products */ = {
			isa = PBXGroup;
			children = (
				A17F89411EE502CF00D095E0 /* Weather.app */,
			);
			name = Products;
			sourceTree = "<group>";
		};
		A17F89431EE502CF00D095E0 /* Weather */ = {
			isa = PBXGroup;
			children = (
				A10BFE741EECA8520028FB1A /* resource */,
				A1E871C31EE6EFBA0099E07C /* SwiftyJSON.swift */,
				A17F89441EE502CF00D095E0 /* AppDelegate.swift */,
				A17F89461EE502CF00D095E0 /* ViewController.swift */,
				A1E871C11EE6DE8B0099E07C /* ViewController_TT_W.swift */,
				A10BFE721EEC97A80028FB1A /* WeatherTableViewCell.swift */,
				A10BFE7B1EED25110028FB1A /* ViewController_C_W.swift */,
				A10BFE7D1EED38C60028FB1A /* AirQualityData.swift */,
				A10BFE7F1EED438E0028FB1A /* AirQualityPM25.swift */,
				A18FC3381EE70E7F0060B01B /* ViewController_DTile.swift */,
				A10BFE811EED49D70028FB1A /* ViewController_Dust.swift */,
				A10BFE701EEC6C090028FB1A /* Set_Location.swift */,
				A17F89481EE502CF00D095E0 /* Main.storyboard */,
				A17F894B1EE502CF00D095E0 /* Assets.xcassets */,
				A17F894D1EE502CF00D095E0 /* LaunchScreen.storyboard */,
				A17F89501EE502CF00D095E0 /* Info.plist */,
			);
			path = Weather;
			sourceTree = "<group>";
		};
		B45888C55699C4C28F47A2EB /* Frameworks */ = {
			isa = PBXGroup;
			children = (
				0F480AE94A844166329974D0 /* Pods_Weather.framework */,
			);
			name = Frameworks;
			sourceTree = "<group>";
		};
/* End PBXGroup section */

/* Begin PBXNativeTarget section */
		A17F89401EE502CF00D095E0 /* Weather */ = {
			isa = PBXNativeTarget;
			buildConfigurationList = A17F89531EE502CF00D095E0 /* Build configuration list for PBXNativeTarget "Weather" */;
			buildPhases = (
				3063EE62DE6FE719FAEA5D7F /* [CP] Check Pods Manifest.lock */,
				A17F893D1EE502CF00D095E0 /* Sources */,
				A17F893E1EE502CF00D095E0 /* Frameworks */,
				A17F893F1EE502CF00D095E0 /* Resources */,
				5A4739CEF9CDB95A1ED4784A /* [CP] Embed Pods Frameworks */,
				4C0FC3214BB4C40F01686757 /* [CP] Copy Pods Resources */,
			);
			buildRules = (
			);
			dependencies = (
			);
			name = Weather;
			productName = Weather;
			productReference = A17F89411EE502CF00D095E0 /* Weather.app */;
			productType = "com.apple.product-type.application";
		};
/* End PBXNativeTarget section */

/* Begin PBXProject section */
		A17F89391EE502CF00D095E0 /* Project object */ = {
			isa = PBXProject;
			attributes = {
				LastSwiftUpdateCheck = 0830;
				LastUpgradeCheck = 0830;
				ORGANIZATIONNAME = LEESEUL;
				TargetAttributes = {
					A17F89401EE502CF00D095E0 = {
						CreatedOnToolsVersion = 8.3.2;
						DevelopmentTeam = 5K89RS36D9;
						ProvisioningStyle = Automatic;
					};
				};
			};
			buildConfigurationList = A17F893C1EE502CF00D095E0 /* Build configuration list for PBXProject "Weather" */;
			compatibilityVersion = "Xcode 3.2";
			developmentRegion = English;
			hasScannedForEncodings = 0;
			knownRegions = (
				en,
				Base,
			);
			mainGroup = A17F89381EE502CF00D095E0;
			productRefGroup = A17F89421EE502CF00D095E0 /* Products */;
			projectDirPath = "";
			projectRoot = "";
			targets = (
				A17F89401EE502CF00D095E0 /* Weather */,
			);
		};
/* End PBXProject section */

/* Begin PBXResourcesBuildPhase section */
		A17F893F1EE502CF00D095E0 /* Resources */ = {
			isa = PBXResourcesBuildPhase;
			buildActionMask = 2147483647;
			files = (
				A10BFE8D1EED66830028FB1A /* AQI_5.PNG in Resources */,
				A10BFE8A1EED66830028FB1A /* AQI_2.PNG in Resources */,
				A17F894F1EE502CF00D095E0 /* LaunchScreen.storyboard in Resources */,
				A10BFE8C1EED66830028FB1A /* AQI_4.PNG in Resources */,
				A10BFE8E1EED66830028FB1A /* AQI_6.PNG in Resources */,
				A10BFE9B1EED6EA60028FB1A /* setting.png in Resources */,
				A17F894C1EE502CF00D095E0 /* Assets.xcassets in Resources */,
				A10BFEA01EED71920028FB1A /* dust.png in Resources */,
				A10BFE7A1EECDEC30028FB1A /* country.png in Resources */,
				A17F894A1EE502CF00D095E0 /* Main.storyboard in Resources */,
				A10BFE8B1EED66830028FB1A /* AQI_3.PNG in Resources */,
				A10BFE9D1EED6EA60028FB1A /* home.png in Resources */,
				A10BFE9C1EED6EA60028FB1A /* weather.png in Resources */,
				A10BFE891EED66830028FB1A /* AQI_1.PNG in Resources */,
			);
			runOnlyForDeploymentPostprocessing = 0;
		};
/* End PBXResourcesBuildPhase section */

/* Begin PBXShellScriptBuildPhase section */
		3063EE62DE6FE719FAEA5D7F /* [CP] Check Pods Manifest.lock */ = {
			isa = PBXShellScriptBuildPhase;
			buildActionMask = 2147483647;
			files = (
			);
			inputPaths = (
			);
			name = "[CP] Check Pods Manifest.lock";
			outputPaths = (
			);
			runOnlyForDeploymentPostprocessing = 0;
			shellPath = /bin/sh;
			shellScript = "diff \"${PODS_PODFILE_DIR_PATH}/Podfile.lock\" \"${PODS_ROOT}/Manifest.lock\" > /dev/null\nif [ $? != 0 ] ; then\n    # print error to STDERR\n    echo \"error: The sandbox is not in sync with the Podfile.lock. Run 'pod install' or update your CocoaPods installation.\" >&2\n    exit 1\nfi\n";
			showEnvVarsInLog = 0;
		};
		4C0FC3214BB4C40F01686757 /* [CP] Copy Pods Resources */ = {
			isa = PBXShellScriptBuildPhase;
			buildActionMask = 2147483647;
			files = (
			);
			inputPaths = (
			);
			name = "[CP] Copy Pods Resources";
			outputPaths = (
			);
			runOnlyForDeploymentPostprocessing = 0;
			shellPath = /bin/sh;
			shellScript = "\"${SRCROOT}/Pods/Target Support Files/Pods-Weather/Pods-Weather-resources.sh\"\n";
			showEnvVarsInLog = 0;
		};
		5A4739CEF9CDB95A1ED4784A /* [CP] Embed Pods Frameworks */ = {
			isa = PBXShellScriptBuildPhase;
			buildActionMask = 2147483647;
			files = (
			);
			inputPaths = (
			);
			name = "[CP] Embed Pods Frameworks";
			outputPaths = (
			);
			runOnlyForDeploymentPostprocessing = 0;
			shellPath = /bin/sh;
			shellScript = "\"${SRCROOT}/Pods/Target Support Files/Pods-Weather/Pods-Weather-frameworks.sh\"\n";
			showEnvVarsInLog = 0;
		};
/* End PBXShellScriptBuildPhase section */

/* Begin PBXSourcesBuildPhase section */
		A17F893D1EE502CF00D095E0 /* Sources */ = {
			isa = PBXSourcesBuildPhase;
			buildActionMask = 2147483647;
			files = (
				A10BFE801EED438E0028FB1A /* AirQualityPM25.swift in Sources */,
				A10BFE731EEC97A80028FB1A /* WeatherTableViewCell.swift in Sources */,
				A10BFE711EEC6C090028FB1A /* Set_Location.swift in Sources */,
				A17F89471EE502CF00D095E0 /* ViewController.swift in Sources */,
				A10BFE7C1EED25110028FB1A /* ViewController_C_W.swift in Sources */,
				A17F89451EE502CF00D095E0 /* AppDelegate.swift in Sources */,
				A10BFE7E1EED38C60028FB1A /* AirQualityData.swift in Sources */,
				A18FC3391EE70E7F0060B01B /* ViewController_DTile.swift in Sources */,
				A10BFE821EED49D70028FB1A /* ViewController_Dust.swift in Sources */,
				A1E871C21EE6DE8B0099E07C /* ViewController_TT_W.swift in Sources */,
				A1E871C41EE6EFBA0099E07C /* SwiftyJSON.swift in Sources */,
			);
			runOnlyForDeploymentPostprocessing = 0;
		};
/* End PBXSourcesBuildPhase section */

/* Begin PBXVariantGroup section */
		A17F89481EE502CF00D095E0 /* Main.storyboard */ = {
			isa = PBXVariantGroup;
			children = (
				A17F89491EE502CF00D095E0 /* Base */,
			);
			name = Main.storyboard;
			sourceTree = "<group>";
		};
		A17F894D1EE502CF00D095E0 /* LaunchScreen.storyboard */ = {
			isa = PBXVariantGroup;
			children = (
				A17F894E1EE502CF00D095E0 /* Base */,
			);
			name = LaunchScreen.storyboard;
			sourceTree = "<group>";
		};
/* End PBXVariantGroup section */

/* Begin XCBuildConfiguration section */
		A17F89511EE502CF00D095E0 /* Debug */ = {
			isa = XCBuildConfiguration;
			buildSettings = {
				ALWAYS_SEARCH_USER_PATHS = NO;
				CLANG_ANALYZER_NONNULL = YES;
				CLANG_ANALYZER_NUMBER_OBJECT_CONVERSION = YES_AGGRESSIVE;
				CLANG_CXX_LANGUAGE_STANDARD = "gnu++0x";
				CLANG_CXX_LIBRARY = "libc++";
				CLANG_ENABLE_MODULES = YES;
				CLANG_ENABLE_OBJC_ARC = YES;
				CLANG_WARN_BOOL_CONVERSION = YES;
				CLANG_WARN_CONSTANT_CONVERSION = YES;
				CLANG_WARN_DIRECT_OBJC_ISA_USAGE = YES_ERROR;
				CLANG_WARN_DOCUMENTATION_COMMENTS = YES;
				CLANG_WARN_EMPTY_BODY = YES;
				CLANG_WARN_ENUM_CONVERSION = YES;
				CLANG_WARN_INFINITE_RECURSION = YES;
				CLANG_WARN_INT_CONVERSION = YES;
				CLANG_WARN_OBJC_ROOT_CLASS = YES_ERROR;
				CLANG_WARN_SUSPICIOUS_MOVE = YES;
				CLANG_WARN_UNREACHABLE_CODE = YES;
				CLANG_WARN__DUPLICATE_METHOD_MATCH = YES;
				"CODE_SIGN_IDENTITY[sdk=iphoneos*]" = "iPhone Developer";
				COPY_PHASE_STRIP = NO;
				DEBUG_INFORMATION_FORMAT = dwarf;
				ENABLE_STRICT_OBJC_MSGSEND = YES;
				ENABLE_TESTABILITY = YES;
				GCC_C_LANGUAGE_STANDARD = gnu99;
				GCC_DYNAMIC_NO_PIC = NO;
				GCC_NO_COMMON_BLOCKS = YES;
				GCC_OPTIMIZATION_LEVEL = 0;
				GCC_PREPROCESSOR_DEFINITIONS = (
					"DEBUG=1",
					"$(inherited)",
				);
				GCC_WARN_64_TO_32_BIT_CONVERSION = YES;
				GCC_WARN_ABOUT_RETURN_TYPE = YES_ERROR;
				GCC_WARN_UNDECLARED_SELECTOR = YES;
				GCC_WARN_UNINITIALIZED_AUTOS = YES_AGGRESSIVE;
				GCC_WARN_UNUSED_FUNCTION = YES;
				GCC_WARN_UNUSED_VARIABLE = YES;
				IPHONEOS_DEPLOYMENT_TARGET = 10.3;
				MTL_ENABLE_DEBUG_INFO = YES;
				ONLY_ACTIVE_ARCH = YES;
				SDKROOT = iphoneos;
				SWIFT_ACTIVE_COMPILATION_CONDITIONS = DEBUG;
				SWIFT_OPTIMIZATION_LEVEL = "-Onone";
				TARGETED_DEVICE_FAMILY = "1,2";
			};
			name = Debug;
		};
		A17F89521EE502CF00D095E0 /* Release */ = {
			isa = XCBuildConfiguration;
			buildSettings = {
				ALWAYS_SEARCH_USER_PATHS = NO;
				CLANG_ANALYZER_NONNULL = YES;
				CLANG_ANALYZER_NUMBER_OBJECT_CONVERSION = YES_AGGRESSIVE;
				CLANG_CXX_LANGUAGE_STANDARD = "gnu++0x";
				CLANG_CXX_LIBRARY = "libc++";
				CLANG_ENABLE_MODULES = YES;
				CLANG_ENABLE_OBJC_ARC = YES;
				CLANG_WARN_BOOL_CONVERSION = YES;
				CLANG_WARN_CONSTANT_CONVERSION = YES;
				CLANG_WARN_DIRECT_OBJC_ISA_USAGE = YES_ERROR;
				CLANG_WARN_DOCUMENTATION_COMMENTS = YES;
				CLANG_WARN_EMPTY_BODY = YES;
				CLANG_WARN_ENUM_CONVERSION = YES;
				CLANG_WARN_INFINITE_RECURSION = YES;
				CLANG_WARN_INT_CONVERSION = YES;
				CLANG_WARN_OBJC_ROOT_CLASS = YES_ERROR;
				CLANG_WARN_SUSPICIOUS_MOVE = YES;
				CLANG_WARN_UNREACHABLE_CODE = YES;
				CLANG_WARN__DUPLICATE_METHOD_MATCH = YES;
				"CODE_SIGN_IDENTITY[sdk=iphoneos*]" = "iPhone Developer";
				COPY_PHASE_STRIP = NO;
				DEBUG_INFORMATION_FORMAT = "dwarf-with-dsym";
				ENABLE_NS_ASSERTIONS = NO;
				ENABLE_STRICT_OBJC_MSGSEND = YES;
				GCC_C_LANGUAGE_STANDARD = gnu99;
				GCC_NO_COMMON_BLOCKS = YES;
				GCC_WARN_64_TO_32_BIT_CONVERSION = YES;
				GCC_WARN_ABOUT_RETURN_TYPE = YES_ERROR;
				GCC_WARN_UNDECLARED_SELECTOR = YES;
				GCC_WARN_UNINITIALIZED_AUTOS = YES_AGGRESSIVE;
				GCC_WARN_UNUSED_FUNCTION = YES;
				GCC_WARN_UNUSED_VARIABLE = YES;
				IPHONEOS_DEPLOYMENT_TARGET = 10.3;
				MTL_ENABLE_DEBUG_INFO = NO;
				SDKROOT = iphoneos;
				SWIFT_OPTIMIZATION_LEVEL = "-Owholemodule";
				TARGETED_DEVICE_FAMILY = "1,2";
				VALIDATE_PRODUCT = YES;
			};
			name = Release;
		};
		A17F89541EE502CF00D095E0 /* Debug */ = {
			isa = XCBuildConfiguration;
			baseConfigurationReference = 389126FC0C92243C4758F954 /* Pods-Weather.debug.xcconfig */;
			buildSettings = {
				ASSETCATALOG_COMPILER_APPICON_NAME = AppIcon;
				DEVELOPMENT_TEAM = 5K89RS36D9;
				INFOPLIST_FILE = Weather/Info.plist;
				LD_RUNPATH_SEARCH_PATHS = "$(inherited) @executable_path/Frameworks";
				PRODUCT_BUNDLE_IDENTIFIER = kpu.2017class.Weather;
				PRODUCT_NAME = "$(TARGET_NAME)";
				SWIFT_VERSION = 3.0;
				TARGETED_DEVICE_FAMILY = 1;
			};
			name = Debug;
		};
		A17F89551EE502CF00D095E0 /* Release */ = {
			isa = XCBuildConfiguration;
			baseConfigurationReference = 56FECA2C154A07EC797F03A6 /* Pods-Weather.release.xcconfig */;
			buildSettings = {
				ASSETCATALOG_COMPILER_APPICON_NAME = AppIcon;
				DEVELOPMENT_TEAM = 5K89RS36D9;
				INFOPLIST_FILE = Weather/Info.plist;
				LD_RUNPATH_SEARCH_PATHS = "$(inherited) @executable_path/Frameworks";
				PRODUCT_BUNDLE_IDENTIFIER = kpu.2017class.Weather;
				PRODUCT_NAME = "$(TARGET_NAME)";
				SWIFT_VERSION = 3.0;
				TARGETED_DEVICE_FAMILY = 1;
			};
			name = Release;
		};
/* End XCBuildConfiguration section */

/* Begin XCConfigurationList section */
		A17F893C1EE502CF00D095E0 /* Build configuration list for PBXProject "Weather" */ = {
			isa = XCConfigurationList;
			buildConfigurations = (
				A17F89511EE502CF00D095E0 /* Debug */,
				A17F89521EE502CF00D095E0 /* Release */,
			);
			defaultConfigurationIsVisible = 0;
			defaultConfigurationName = Release;
		};
		A17F89531EE502CF00D095E0 /* Build configuration list for PBXNativeTarget "Weather" */ = {
			isa = XCConfigurationList;
			buildConfigurations = (
				A17F89541EE502CF00D095E0 /* Debug */,
				A17F89551EE502CF00D095E0 /* Release */,
			);
			defaultConfigurationIsVisible = 0;
			defaultConfigurationName = Release;
		};
/* End XCConfigurationList section */
	};
	rootObject = A17F89391EE502CF00D095E0 /* Project object */;
}
